
Microsoft Visual Studio Solution File, Format Version 12.00
# Visual Studio Version 17
VisualStudioVersion = 17.2.32630.192
MinimumVisualStudioVersion = 10.0.40219.1
Project("{FAE04EC0-301F-11D3-BF4B-00C04F79EFBC}") = "Lab2_white_box", "Lab2_white_box\Lab2_white_box.csproj", "{B0907C80-E617-4FDB-B262-C2EC7ADF430F}"
EndProject
Global
	GlobalSection(SolutionConfigurationPlatforms) = preSolution
		Debug|Any CPU = Debug|Any CPU
		Release|Any CPU = Release|Any CPU
	EndGlobalSection
	GlobalSection(ProjectConfigurationPlatforms) = postSolution
		{B0907C80-E617-4FDB-B262-C2EC7ADF430F}.Debug|Any CPU.ActiveCfg = Debug|Any CPU
		{B0907C80-E617-4FDB-B262-C2EC7ADF430F}.Debug|Any CPU.Build.0 = Debug|Any CPU
		{B0907C80-E617-4FDB-B262-C2EC7ADF430F}.Release|Any CPU.ActiveCfg = Release|Any CPU
		{B0907C80-E617-4FDB-B262-C2EC7ADF430F}.Release|Any CPU.Build.0 = Release|Any CPU
	EndGlobalSection
	GlobalSection(SolutionProperties) = preSolution
		HideSolutionNode = FALSE
	EndGlobalSection
	GlobalSection(ExtensibilityGlobals) = postSolution
		SolutionGuid = {2FB0D653-70BC-4AC0-A1EE-53DCF3D8C794}
	EndGlobalSection
EndGlobal
